{
  "nodes": {
    "flake-parts": {
      "inputs": {
        "nixpkgs-lib": "nixpkgs-lib"
      },
      "locked": {
        "lastModified": 1785627969,
        "narHash": "sha256-4dtXQk/NMePegK/nWp5NSeuZKLATItOq61lpEvmXqGw=",
        "owner": "hercules-ci",
        "repo": "flake-parts",
        "rev": "427bf4bd9435fdf21321c8cc628c24efc14c0f7a",
        "type": "github"
      },
      "original": {
        "owner": "hercules-ci",
        "repo": "flake-parts",
        "type": "github"
      }
    },
    "helix": {
      "inputs": {
        "nixpkgs": [
          "nixpkgs"
        ],
        "rust-overlay": "rust-overlay"
      },
      "locked": {
        "lastModified": 1790876921,
        "narHash": "sha256-PQ+qLxyMWoDe5x7k9S37blr6dje6tcu2yn8MeggBBQk=",
        "owner": "Simon-Weij",
        "repo": "helix",
        "rev": "7c145ad831eaa24c160c955b866c28fb8bf4dccc",
        "type": "github"
      },
      "original": {
        "owner": "Simon-Weij",
        "ref": "steel-event-system",
        "repo": "helix",
        "type": "github"
      }
    },
    "helix-plugins": {
      "inputs": {
        "nixpkgs": [
          "nixpkgs"
        ],
        "systems": "systems"
      },
      "locked": {
        "lastModified": 1790803764,
        "narHash": "sha256-U1G2gdSnq+Y2nGaa4iQuVDHaKx73NvkGDXD6qz5vpdk=",
        "owner": "maxschipper",
        "repo": "helix-plugins-nix",
        "rev": "9d5dbb77eaed7259aa2dff85146bdfa70b25a438",
        "type": "github"
      },
      "original": {
        "owner": "maxschipper",
        "repo": "helix-plugins-nix",
        "type": "github"
      }
    },
    "hjem": {
      "inputs": {
        "nixpkgs": [
          "nixpkgs"
        ]
      },
      "locked": {
        "lastModified": 1790081753,
        "narHash": "sha256-tycoVCB2KSVdy9ERT1lJGHdP9Hf4FHanaEY25hUxylw=",
        "owner": "feel-co",
        "repo": "hjem",
        "rev": "cef02450f2c18a7e2b9297ea8d366f9a597254f7",
        "type": "github"
      },
      "original": {
        "owner": "feel-co",
        "repo": "hjem",
        "type": "github"
      }
    },
    "kitty-nord": {
      "flake": false,
      "locked": {
        "narHash": "sha256-rF3k2Dpd5jZ4tGyV59i2VjGhF96DXB8vmUL48nn8UXs=",
        "type": "file",
        "url": "https://raw.githubusercontent.com/connorholyday/nord-kitty/master/nord.conf"
      },
      "original": {
        "type": "file",
        "url": "https://raw.githubusercontent.com/connorholyday/nord-kitty/master/nord.conf"
      }
    },
    "mocktail": {
      "inputs": {
        "flake-parts": "flake-parts",
        "nixpkgs": [
          "nixpkgs"
        ]
      },
      "locked": {
        "lastModified": 1790875912,
        "narHash": "sha256-A9Y3/rG2b3MlFmtcEvZ1A7JQ3XL3i+GmkYDYemJrzMs=",
        "ref": "main",
        "rev": "77fce18a951a3ac03413a1438bf90df0fdf15e69",
        "revCount": 139,
        "type": "git",
        "url": "https://github.com/komaruworld/mocktail"
      },
      "original": {
        "ref": "main",
        "type": "git",
        "url": "https://github.com/komaruworld/mocktail"
      }
    },
    "nixpkgs": {
      "locked": {
        "lastModified": 1790822859,
        "narHash": "sha256-VBA0QerzzmL+4wxgtwiCdiLwLpJg2/9xOxhgO3BRJQA=",
        "rev": "c59305bab2065cfecc4944690d9eedbb56f3a9fa",
        "type": "tarball",
        "url": "https://releases.nixos.org/nixos/unstable/nixos-26.11pre1083223.c59305bab206/nixexprs.tar.xz?lastModified=1790822859&rev=c59305bab2065cfecc4944690d9eedbb56f3a9fa"
      },
      "original": {
        "type": "tarball",
        "url": "https://channels.nixos.org/nixos-unstable/nixexprs.tar.xz"
      }
    },
    "nixpkgs-lib": {
      "locked": {
        "lastModified": 1785031560,
        "narHash": "sha256-OmshNvn2vupOFpYinLUu+1Dnpu4n7Q5N3ggGVNHpkUI=",
        "owner": "nix-community",
        "repo": "nixpkgs.lib",
        "rev": "0e79af5e3d4dcfcd676ab5ba3f95d2e3352e078c",
        "type": "github"
      },
      "original": {
        "owner": "nix-community",
        "repo": "nixpkgs.lib",
        "type": "github"
      }
    },
    "noctalia": {
      "inputs": {
        "nixpkgs": [
          "nixpkgs"
        ]
      },
      "locked": {
        "lastModified": 1790857470,
        "narHash": "sha256-EalyF5nWDS6xui58LC131oez7gZWcaO6P5bClDCVD6U=",
        "owner": "noctalia-dev",
        "repo": "noctalia",
        "rev": "30415127e6c864212c61804a531a018980718b1f",
        "type": "github"
      },
      "original": {
        "owner": "noctalia-dev",
        "repo": "noctalia",
        "type": "github"
      }
    },
    "nord-tmux": {
      "flake": false,
      "locked": {
        "lastModified": 1683146574,
        "narHash": "sha256-mcmVYNWOUoQLiu4eM/EUudRg67Gcou13xuC6zv9aMKA=",
        "owner": "nordtheme",
        "repo": "tmux",
        "rev": "f7b6da07ab55fe32ee5f7d62da56d8e5ac691a92",
        "type": "github"
      },
      "original": {
        "owner": "nordtheme",
        "repo": "tmux",
        "type": "github"
      }
    },
    "root": {
      "inputs": {
        "helix": "helix",
        "helix-plugins": "helix-plugins",
        "hjem": "hjem",
        "kitty-nord": "kitty-nord",
        "mocktail": "mocktail",
        "nixpkgs": "nixpkgs",
        "noctalia": "noctalia",
        "nord-tmux": "nord-tmux",
        "spicetify-nix": "spicetify-nix",
        "umbriel": "umbriel",
        "wrapper-modules": "wrapper-modules",
        "zsh-helix-mode": "zsh-helix-mode"
      }
    },
    "rust-overlay": {
      "inputs": {
        "nixpkgs": [
          "helix",
          "nixpkgs"
        ]
      },
      "locked": {
        "lastModified": 1775358767,
        "narHash": "sha256-f2eC+WIfhjevCPQILuV08i/kmKZzYZpUvkom/33VxCA=",
        "owner": "oxalica",
        "repo": "rust-overlay",
        "rev": "20fd44bc663daa53a2575e01293e24e681d62244",
        "type": "github"
      },
      "original": {
        "owner": "oxalica",
        "repo": "rust-overlay",
        "type": "github"
      }
    },
    "spicetify-nix": {
      "inputs": {
        "nixpkgs": [
          "nixpkgs"
        ],
        "systems": "systems_2"
      },
      "locked": {
        "lastModified": 1790502898,
        "narHash": "sha256-eR6P8ZCyYqrdvuOANIOE78t4qqm6wSTBKLP/aW8nwJE=",
        "owner": "Gerg-L",
        "repo": "spicetify-nix",
        "rev": "d508ccfa23820d032589bd65345bf5b6d9ea842f",
        "type": "github"
      },
      "original": {
        "owner": "Gerg-L",
        "repo": "spicetify-nix",
        "type": "github"
      }
    },
    "systems": {
      "locked": {
        "lastModified": 1774449309,
        "narHash": "sha256-brhZ8DmuGtzkCYHJg4HEd602amKm89Y9ytsFZ5uWD1w=",
        "owner": "nix-systems",
        "repo": "default",
        "rev": "c29398b59d2048c4ab79345812849c9bd15e9150",
        "type": "github"
      },
      "original": {
        "owner": "nix-systems",
        "ref": "future-26.11",
        "repo": "default",
        "type": "github"
      }
    },
    "systems_2": {
      "locked": {
        "lastModified": 1681028828,
        "narHash": "sha256-Vy1rq5AaRuLzOxct8nz4T6wlgyUR7zLU309k9mBC768=",
        "owner": "nix-systems",
        "repo": "default",
        "rev": "da67096a3b9bf56a91d16901293e51ba5b49a27e",
        "type": "github"
      },
      "original": {
        "owner": "nix-systems",
        "repo": "default",
        "type": "github"
      }
    },
    "umbriel": {
      "inputs": {
        "nixpkgs": [
          "nixpkgs"
        ],
        "xdg-desktop-portal-umbriel": "xdg-desktop-portal-umbriel"
      },
      "locked": {
        "lastModified": 1790874051,
        "narHash": "sha256-h4Rry4cpMrCGDUe9Mg8cE7dxN9P0sL2jW2YxdDDmOpU=",
        "ref": "refs/heads/main",
        "rev": "2040758e5a33bed1fe5f56e830951346e13ed02f",
        "revCount": 1145,
        "type": "git",
        "url": "https://github.com/noctalia-dev/umbriel"
      },
      "original": {
        "type": "git",
        "url": "https://github.com/noctalia-dev/umbriel"
      }
    },
    "wrapper-modules": {
      "inputs": {
        "nixpkgs": [
          "nixpkgs"
        ]
      },
      "locked": {
        "lastModified": 1788981141,
        "narHash": "sha256-7xWS16u13YGlRNKWaAPzRbEyh4OLOXJe31k7h4AnXNU=",
        "owner": "nix-community",
        "repo": "nix-wrapper-modules",
        "rev": "1db3c116a6aa61823f8d8f3c47c306846428fc54",
        "type": "github"
      },
      "original": {
        "owner": "nix-community",
        "repo": "nix-wrapper-modules",
        "type": "github"
      }
    },
    "xdg-desktop-portal-umbriel": {
      "inputs": {
        "nixpkgs": [
          "umbriel",
          "nixpkgs"
        ]
      },
      "locked": {
        "lastModified": 1790459405,
        "narHash": "sha256-xDnu9icpormkETOo8Vn2Qr7Jkrz9ZqRf/jOhqADeeyg=",
        "owner": "noctalia-dev",
        "repo": "xdg-desktop-portal-umbriel",
        "rev": "d6bd72cabd83e3084fb2f2e24898d8ffa4a8c24f",
        "type": "github"
      },
      "original": {
        "owner": "noctalia-dev",
        "repo": "xdg-desktop-portal-umbriel",
        "type": "github"
      }
    },
    "zsh-helix-mode": {
      "inputs": {
        "nixpkgs": [
          "nixpkgs"
        ]
      },
      "locked": {
        "lastModified": 1774203535,
        "narHash": "sha256-YggmEZ5hRySwXR+VZFKKZ+HzH5Cvz0661QeiAjlE30E=",
        "owner": "multirious",
        "repo": "zsh-helix-mode",
        "rev": "e8d4940588f9809ab5658aa7c9c664921d547879",
        "type": "github"
      },
      "original": {
        "owner": "multirious",
        "ref": "main",
        "repo": "zsh-helix-mode",
        "type": "github"
      }
    }
  },
  "root": "root",
  "version": 7
}
