{
  "nodes": {
    "flakelight": {
      "inputs": {
        "nixpkgs": "nixpkgs"
      },
      "locked": {
        "lastModified": 1771247707,
        "narHash": "sha256-IWXkmCA3vWZ9AjQpStiHoRG4SEiBPDZyXv+1SoyTReE=",
        "owner": "nix-community",
        "repo": "flakelight",
        "rev": "37354ba2661e62f57a127e19272ee18f4cc01bba",
        "type": "github"
      },
      "original": {
        "owner": "nix-community",
        "repo": "flakelight",
        "type": "github"
      }
    },
    "flatpaks": {
      "locked": {
        "lastModified": 1767983141,
        "narHash": "sha256-7ZCulYUD9RmJIDULTRkGLSW1faMpDlPKcbWJLYHoXcs=",
        "owner": "gmodena",
        "repo": "nix-flatpak",
        "rev": "440818969ac2cbd77bfe025e884d0aa528991374",
        "type": "github"
      },
      "original": {
        "owner": "gmodena",
        "ref": "latest",
        "repo": "nix-flatpak",
        "type": "github"
      }
    },
    "fluxer": {
      "inputs": {
        "flakelight": "flakelight"
      },
      "locked": {
        "lastModified": 1771440581,
        "narHash": "sha256-KXoeyJ6hwdTNvLMtAKmLYnE3V9q1DBeS6NRg6Ed+11w=",
        "owner": "Simon-Weij",
        "repo": "Fluxer-nix",
        "rev": "62dc1edcec5c5c6486c4eaad956e2571d0034386",
        "type": "github"
      },
      "original": {
        "owner": "Simon-Weij",
        "repo": "Fluxer-nix",
        "type": "github"
      }
    },
    "hjem": {
      "inputs": {
        "nix-darwin": "nix-darwin",
        "nixpkgs": "nixpkgs_2",
        "smfh": "smfh"
      },
      "locked": {
        "lastModified": 1771212460,
        "narHash": "sha256-1RfmXbDIxgwP2/SrYSYd9zdArUaJEm6C3FXpdRlmeso=",
        "owner": "feel-co",
        "repo": "hjem",
        "rev": "7f2880d705edf541955d98f56cb78f9507384423",
        "type": "github"
      },
      "original": {
        "owner": "feel-co",
        "repo": "hjem",
        "type": "github"
      }
    },
    "nix-darwin": {
      "inputs": {
        "nixpkgs": [
          "hjem",
          "nixpkgs"
        ]
      },
      "locked": {
        "lastModified": 1770922915,
        "narHash": "sha256-6J/JoK9iL7sHvKJcGW2KId2agaKv1OGypsa7kN+ZBD4=",
        "owner": "nix-darwin",
        "repo": "nix-darwin",
        "rev": "6c5a56295d2a24e43bcd8af838def1b9a95746b2",
        "type": "github"
      },
      "original": {
        "owner": "nix-darwin",
        "repo": "nix-darwin",
        "type": "github"
      }
    },
    "nix-vscode-extensions": {
      "inputs": {
        "nixpkgs": "nixpkgs_3"
      },
      "locked": {
        "lastModified": 1771469292,
        "narHash": "sha256-Usmkw+YvVfr7QihWwq2kOWHTJWdkeUWUFDMxZhShfD0=",
        "owner": "nix-community",
        "repo": "nix-vscode-extensions",
        "rev": "12151c2bdb6dc957bf077ac8e4a33752711e6949",
        "type": "github"
      },
      "original": {
        "owner": "nix-community",
        "ref": "master",
        "repo": "nix-vscode-extensions",
        "type": "github"
      }
    },
    "nixpkgs": {
      "locked": {
        "lastModified": 1771008912,
        "narHash": "sha256-gf2AmWVTs8lEq7z/3ZAsgnZDhWIckkb+ZnAo5RzSxJg=",
        "owner": "NixOS",
        "repo": "nixpkgs",
        "rev": "a82ccc39b39b621151d6732718e3e250109076fa",
        "type": "github"
      },
      "original": {
        "owner": "NixOS",
        "ref": "nixos-unstable",
        "repo": "nixpkgs",
        "type": "github"
      }
    },
    "nixpkgs_2": {
      "locked": {
        "lastModified": 1771008912,
        "narHash": "sha256-MUxwjvnO2hZitXm52phpSCcCv5Zx4DeVTAPZa8jcxtw=",
        "rev": "a82ccc39b39b621151d6732718e3e250109076fa",
        "type": "tarball",
        "url": "https://releases.nixos.org/nixos/unstable/nixos-26.05pre945868.a82ccc39b39b/nixexprs.tar.xz?lastModified=1771008912&rev=a82ccc39b39b621151d6732718e3e250109076fa"
      },
      "original": {
        "type": "tarball",
        "url": "https://channels.nixos.org/nixos-unstable/nixexprs.tar.xz"
      }
    },
    "nixpkgs_3": {
      "locked": {
        "lastModified": 1766025857,
        "narHash": "sha256-Lav5jJazCW4mdg1iHcROpuXqmM94BWJvabLFWaJVJp0=",
        "owner": "nixos",
        "repo": "nixpkgs",
        "rev": "def3da69945bbe338c373fddad5a1bb49cf199ce",
        "type": "github"
      },
      "original": {
        "owner": "nixos",
        "repo": "nixpkgs",
        "rev": "def3da69945bbe338c373fddad5a1bb49cf199ce",
        "type": "github"
      }
    },
    "nixpkgs_4": {
      "locked": {
        "lastModified": 1771419570,
        "narHash": "sha256-bxAlQgre3pcQcaRUm/8A0v/X8d2nhfraWSFqVmMcBcU=",
        "owner": "NixOS",
        "repo": "nixpkgs",
        "rev": "6d41bc27aaf7b6a3ba6b169db3bd5d6159cfaa47",
        "type": "github"
      },
      "original": {
        "owner": "NixOS",
        "ref": "nixos-25.11",
        "repo": "nixpkgs",
        "type": "github"
      }
    },
    "nixpkgs_5": {
      "locked": {
        "lastModified": 1770197578,
        "narHash": "sha256-AYqlWrX09+HvGs8zM6ebZ1pwUqjkfpnv8mewYwAo+iM=",
        "owner": "NixOS",
        "repo": "nixpkgs",
        "rev": "00c21e4c93d963c50d4c0c89bfa84ed6e0694df2",
        "type": "github"
      },
      "original": {
        "owner": "NixOS",
        "ref": "nixos-unstable",
        "repo": "nixpkgs",
        "type": "github"
      }
    },
    "nixpkgs_6": {
      "locked": {
        "lastModified": 1764667669,
        "narHash": "sha256-7WUCZfmqLAssbDqwg9cUDAXrSoXN79eEEq17qhTNM/Y=",
        "owner": "NixOS",
        "repo": "nixpkgs",
        "rev": "418468ac9527e799809c900eda37cbff999199b6",
        "type": "github"
      },
      "original": {
        "owner": "NixOS",
        "ref": "nixos-unstable",
        "repo": "nixpkgs",
        "type": "github"
      }
    },
    "root": {
      "inputs": {
        "flatpaks": "flatpaks",
        "fluxer": "fluxer",
        "hjem": "hjem",
        "nix-vscode-extensions": "nix-vscode-extensions",
        "nixpkgs": "nixpkgs_4",
        "spicetify-nix": "spicetify-nix",
        "unstable": "unstable",
        "veryunstable": "veryunstable",
        "wrappers": "wrappers"
      }
    },
    "rust-overlay": {
      "inputs": {
        "nixpkgs": [
          "hjem",
          "smfh",
          "nixpkgs"
        ]
      },
      "locked": {
        "lastModified": 1771125043,
        "narHash": "sha256-ldf/s49n6rOAxl7pYLJGGS1N/assoHkCOWdEdLyNZkc=",
        "owner": "oxalica",
        "repo": "rust-overlay",
        "rev": "4912f951a26dc8142b176be2c2ad834319dc06e8",
        "type": "github"
      },
      "original": {
        "owner": "oxalica",
        "repo": "rust-overlay",
        "type": "github"
      }
    },
    "smfh": {
      "inputs": {
        "nixpkgs": [
          "hjem",
          "nixpkgs"
        ],
        "rust-overlay": "rust-overlay",
        "systems": "systems"
      },
      "locked": {
        "lastModified": 1771208268,
        "narHash": "sha256-6zMgOPzBbTSm8jzPqmGcotjvkN3HzxcnMM8pW64JpZQ=",
        "owner": "feel-co",
        "repo": "smfh",
        "rev": "dd0a33fc9d1fe7c29da86225af4b4a47b1714839",
        "type": "github"
      },
      "original": {
        "owner": "feel-co",
        "repo": "smfh",
        "type": "github"
      }
    },
    "spicetify-nix": {
      "inputs": {
        "nixpkgs": "nixpkgs_5",
        "systems": "systems_2"
      },
      "locked": {
        "lastModified": 1771268051,
        "narHash": "sha256-nGqPcngnezoT+/xAvw3UDjwdKP2MC4fO315A/Otb9eE=",
        "owner": "Gerg-L",
        "repo": "spicetify-nix",
        "rev": "b930de84c561f62a0c39a6a57c2ab553a97e8495",
        "type": "github"
      },
      "original": {
        "owner": "Gerg-L",
        "repo": "spicetify-nix",
        "type": "github"
      }
    },
    "systems": {
      "locked": {
        "lastModified": 1681028828,
        "narHash": "sha256-Vy1rq5AaRuLzOxct8nz4T6wlgyUR7zLU309k9mBC768=",
        "owner": "nix-systems",
        "repo": "default",
        "rev": "da67096a3b9bf56a91d16901293e51ba5b49a27e",
        "type": "github"
      },
      "original": {
        "owner": "nix-systems",
        "repo": "default",
        "type": "github"
      }
    },
    "systems_2": {
      "locked": {
        "lastModified": 1681028828,
        "narHash": "sha256-Vy1rq5AaRuLzOxct8nz4T6wlgyUR7zLU309k9mBC768=",
        "owner": "nix-systems",
        "repo": "default",
        "rev": "da67096a3b9bf56a91d16901293e51ba5b49a27e",
        "type": "github"
      },
      "original": {
        "owner": "nix-systems",
        "repo": "default",
        "type": "github"
      }
    },
    "unstable": {
      "locked": {
        "lastModified": 1771207753,
        "narHash": "sha256-b9uG8yN50DRQ6A7JdZBfzq718ryYrlmGgqkRm9OOwCE=",
        "owner": "NixOS",
        "repo": "nixpkgs",
        "rev": "d1c15b7d5806069da59e819999d70e1cec0760bf",
        "type": "github"
      },
      "original": {
        "owner": "NixOS",
        "ref": "nixpkgs-unstable",
        "repo": "nixpkgs",
        "type": "github"
      }
    },
    "veryunstable": {
      "locked": {
        "lastModified": 1771514878,
        "narHash": "sha256-LD3tS5k3v0/IaRb4zfXfDLzdvC3MfTAYhobzG65dTmA=",
        "owner": "NixOS",
        "repo": "nixpkgs",
        "rev": "4df684f1454215cdd30d33d82eff5762ec302339",
        "type": "github"
      },
      "original": {
        "owner": "NixOS",
        "ref": "master",
        "repo": "nixpkgs",
        "type": "github"
      }
    },
    "wrappers": {
      "inputs": {
        "nixpkgs": "nixpkgs_6"
      },
      "locked": {
        "lastModified": 1771451129,
        "narHash": "sha256-THH/4ykNzg5DRzKFMX1PI+OG4SIvo/roMRKeo+Gq+FU=",
        "owner": "Lassulus",
        "repo": "wrappers",
        "rev": "3c61ecaa13e5b25be07d55730b64ad41f2ef763f",
        "type": "github"
      },
      "original": {
        "owner": "Lassulus",
        "repo": "wrappers",
        "type": "github"
      }
    }
  },
  "root": "root",
  "version": 7
}
